
Microsoft Visual Studio Solution File, Format Version 12.00
# Visual Studio Version 16
VisualStudioVersion = 16.0.31727.386
MinimumVisualStudioVersion = 10.0.40219.1
Project("{FAE04EC0-301F-11D3-BF4B-00C04F79EFBC}") = "Projeto_final", "Projeto_final\Projeto_final.csproj", "{E056CCE1-4CAB-4508-9558-1AB0E915E7FA}"
EndProject
Global
	GlobalSection(SolutionConfigurationPlatforms) = preSolution
		Debug|Any CPU = Debug|Any CPU
		Release|Any CPU = Release|Any CPU
	EndGlobalSection
	GlobalSection(ProjectConfigurationPlatforms) = postSolution
		{E056CCE1-4CAB-4508-9558-1AB0E915E7FA}.Debug|Any CPU.ActiveCfg = Debug|Any CPU
		{E056CCE1-4CAB-4508-9558-1AB0E915E7FA}.Debug|Any CPU.Build.0 = Debug|Any CPU
		{E056CCE1-4CAB-4508-9558-1AB0E915E7FA}.Release|Any CPU.ActiveCfg = Release|Any CPU
		{E056CCE1-4CAB-4508-9558-1AB0E915E7FA}.Release|Any CPU.Build.0 = Release|Any CPU
	EndGlobalSection
	GlobalSection(SolutionProperties) = preSolution
		HideSolutionNode = FALSE
	EndGlobalSection
	GlobalSection(ExtensibilityGlobals) = postSolution
		SolutionGuid = {4E45DD68-3375-4280-9536-336A88CD89A2}
	EndGlobalSection
EndGlobal
